// !$*UTF8*$!
{
	archiveVersion = 1;
	classes = {
	};
	objectVersion = 55;
	objects = {

/* Begin PBXBuildFile section */
		1E29A4D928230A1D00D99034 /* Alerts.swift in Sources */ = {isa = PBXBuildFile; fileRef = 1E29A4D828230A1D00D99034 /* Alerts.swift */; };
		1E29A4DC282314CE00D99034 /* TPKeyboardAvoiding in Frameworks */ = {isa = PBXBuildFile; productRef = 1E29A4DB282314CE00D99034 /* TPKeyboardAvoiding */; };
		1EC5A5D3282068A9000C0064 /* AppDelegate.swift in Sources */ = {isa = PBXBuildFile; fileRef = 1EC5A5D2282068A9000C0064 /* AppDelegate.swift */; };
		1EC5A5D5282068A9000C0064 /* SceneDelegate.swift in Sources */ = {isa = PBXBuildFile; fileRef = 1EC5A5D4282068A9000C0064 /* SceneDelegate.swift */; };
		1EC5A5DC282068AA000C0064 /* Assets.xcassets in Resources */ = {isa = PBXBuildFile; fileRef = 1EC5A5DB282068AA000C0064 /* Assets.xcassets */; };
		1EC5A5DF282068AA000C0064 /* LaunchScreen.storyboard in Resources */ = {isa = PBXBuildFile; fileRef = 1EC5A5DD282068AA000C0064 /* LaunchScreen.storyboard */; };
		1EC5A5EA282068AA000C0064 /* LemmingBattleTests.swift in Sources */ = {isa = PBXBuildFile; fileRef = 1EC5A5E9282068AA000C0064 /* LemmingBattleTests.swift */; };
		1EC5A5F4282068AA000C0064 /* LemmingBattleUITests.swift in Sources */ = {isa = PBXBuildFile; fileRef = 1EC5A5F3282068AA000C0064 /* LemmingBattleUITests.swift */; };
		1EC5A5F6282068AA000C0064 /* LemmingBattleUITestsLaunchTests.swift in Sources */ = {isa = PBXBuildFile; fileRef = 1EC5A5F5282068AA000C0064 /* LemmingBattleUITestsLaunchTests.swift */; };
		1EC5A6132820763D000C0064 /* BattleInfo.swift in Sources */ = {isa = PBXBuildFile; fileRef = 1EC5A6122820763D000C0064 /* BattleInfo.swift */; };
		1EC5A6152820774D000C0064 /* MainViewController.swift in Sources */ = {isa = PBXBuildFile; fileRef = 1EC5A6142820774D000C0064 /* MainViewController.swift */; };
		1EC5A61728207C4B000C0064 /* MainViewModel.swift in Sources */ = {isa = PBXBuildFile; fileRef = 1EC5A61628207C4B000C0064 /* MainViewModel.swift */; };
		1EC5A61A28208012000C0064 /* SnapKit in Frameworks */ = {isa = PBXBuildFile; productRef = 1EC5A61928208012000C0064 /* SnapKit */; };
		1EC5A61C2820A290000C0064 /* Battlefield.swift in Sources */ = {isa = PBXBuildFile; fileRef = 1EC5A61B2820A290000C0064 /* Battlefield.swift */; };
		1EC5A61E2820A2AB000C0064 /* ResultOfBattle.swift in Sources */ = {isa = PBXBuildFile; fileRef = 1EC5A61D2820A2AB000C0064 /* ResultOfBattle.swift */; };
/* End PBXBuildFile section */

/* Begin PBXContainerItemProxy section */
		1EC5A5E6282068AA000C0064 /* PBXContainerItemProxy */ = {
			isa = PBXContainerItemProxy;
			containerPortal = 1EC5A5C7282068A9000C0064 /* Project object */;
			proxyType = 1;
			remoteGlobalIDString = 1EC5A5CE282068A9000C0064;
			remoteInfo = LemmingBattle;
		};
		1EC5A5F0282068AA000C0064 /* PBXContainerItemProxy */ = {
			isa = PBXContainerItemProxy;
			containerPortal = 1EC5A5C7282068A9000C0064 /* Project object */;
			proxyType = 1;
			remoteGlobalIDString = 1EC5A5CE282068A9000C0064;
			remoteInfo = LemmingBattle;
		};
/* End PBXContainerItemProxy section */

/* Begin PBXFileReference section */
		1E29A4D828230A1D00D99034 /* Alerts.swift */ = {isa = PBXFileReference; lastKnownFileType = sourcecode.swift; path = Alerts.swift; sourceTree = "<group>"; };
		1EC5A5CF282068A9000C0064 /* LemmingBattle.app */ = {isa = PBXFileReference; explicitFileType = wrapper.application; includeInIndex = 0; path = LemmingBattle.app; sourceTree = BUILT_PRODUCTS_DIR; };
		1EC5A5D2282068A9000C0064 /* AppDelegate.swift */ = {isa = PBXFileReference; lastKnownFileType = sourcecode.swift; path = AppDelegate.swift; sourceTree = "<group>"; };
		1EC5A5D4282068A9000C0064 /* SceneDelegate.swift */ = {isa = PBXFileReference; lastKnownFileType = sourcecode.swift; path = SceneDelegate.swift; sourceTree = "<group>"; };
		1EC5A5DB282068AA000C0064 /* Assets.xcassets */ = {isa = PBXFileReference; lastKnownFileType = folder.assetcatalog; path = Assets.xcassets; sourceTree = "<group>"; };
		1EC5A5DE282068AA000C0064 /* Base */ = {isa = PBXFileReference; lastKnownFileType = file.storyboard; name = Base; path = Base.lproj/LaunchScreen.storyboard; sourceTree = "<group>"; };
		1EC5A5E0282068AA000C0064 /* Info.plist */ = {isa = PBXFileReference; lastKnownFileType = text.plist.xml; path = Info.plist; sourceTree = "<group>"; };
		1EC5A5E5282068AA000C0064 /* LemmingBattleTests.xctest */ = {isa = PBXFileReference; explicitFileType = wrapper.cfbundle; includeInIndex = 0; path = LemmingBattleTests.xctest; sourceTree = BUILT_PRODUCTS_DIR; };
		1EC5A5E9282068AA000C0064 /* LemmingBattleTests.swift */ = {isa = PBXFileReference; lastKnownFileType = sourcecode.swift; path = LemmingBattleTests.swift; sourceTree = "<group>"; };
		1EC5A5EF282068AA000C0064 /* LemmingBattleUITests.xctest */ = {isa = PBXFileReference; explicitFileType = wrapper.cfbundle; includeInIndex = 0; path = LemmingBattleUITests.xctest; sourceTree = BUILT_PRODUCTS_DIR; };
		1EC5A5F3282068AA000C0064 /* LemmingBattleUITests.swift */ = {isa = PBXFileReference; lastKnownFileType = sourcecode.swift; path = LemmingBattleUITests.swift; sourceTree = "<group>"; };
		1EC5A5F5282068AA000C0064 /* LemmingBattleUITestsLaunchTests.swift */ = {isa = PBXFileReference; lastKnownFileType = sourcecode.swift; path = LemmingBattleUITestsLaunchTests.swift; sourceTree = "<group>"; };
		1EC5A6122820763D000C0064 /* BattleInfo.swift */ = {isa = PBXFileReference; lastKnownFileType = sourcecode.swift; path = BattleInfo.swift; sourceTree = "<group>"; };
		1EC5A6142820774D000C0064 /* MainViewController.swift */ = {isa = PBXFileReference; lastKnownFileType = sourcecode.swift; path = MainViewController.swift; sourceTree = "<group>"; };
		1EC5A61628207C4B000C0064 /* MainViewModel.swift */ = {isa = PBXFileReference; lastKnownFileType = sourcecode.swift; path = MainViewModel.swift; sourceTree = "<group>"; };
		1EC5A61B2820A290000C0064 /* Battlefield.swift */ = {isa = PBXFileReference; lastKnownFileType = sourcecode.swift; path = Battlefield.swift; sourceTree = "<group>"; };
		1EC5A61D2820A2AB000C0064 /* ResultOfBattle.swift */ = {isa = PBXFileReference; lastKnownFileType = sourcecode.swift; path = ResultOfBattle.swift; sourceTree = "<group>"; };
/* End PBXFileReference section */

/* Begin PBXFrameworksBuildPhase section */
		1EC5A5CC282068A9000C0064 /* Frameworks */ = {
			isa = PBXFrameworksBuildPhase;
			buildActionMask = 2147483647;
			files = (
				1E29A4DC282314CE00D99034 /* TPKeyboardAvoiding in Frameworks */,
				1EC5A61A28208012000C0064 /* SnapKit in Frameworks */,
			);
			runOnlyForDeploymentPostprocessing = 0;
		};
		1EC5A5E2282068AA000C0064 /* Frameworks */ = {
			isa = PBXFrameworksBuildPhase;
			buildActionMask = 2147483647;
			files = (
			);
			runOnlyForDeploymentPostprocessing = 0;
		};
		1EC5A5EC282068AA000C0064 /* Frameworks */ = {
			isa = PBXFrameworksBuildPhase;
			buildActionMask = 2147483647;
			files = (
			);
			runOnlyForDeploymentPostprocessing = 0;
		};
/* End PBXFrameworksBuildPhase section */

/* Begin PBXGroup section */
		1E29A4D628230A0200D99034 /* Helpers */ = {
			isa = PBXGroup;
			children = (
				1E29A4D728230A1200D99034 /* Alerts */,
			);
			path = Helpers;
			sourceTree = "<group>";
		};
		1E29A4D728230A1200D99034 /* Alerts */ = {
			isa = PBXGroup;
			children = (
				1E29A4D828230A1D00D99034 /* Alerts.swift */,
			);
			path = Alerts;
			sourceTree = "<group>";
		};
		1EC5A5C6282068A9000C0064 = {
			isa = PBXGroup;
			children = (
				1EC5A5D1282068A9000C0064 /* LemmingBattle */,
				1EC5A5E8282068AA000C0064 /* LemmingBattleTests */,
				1EC5A5F2282068AA000C0064 /* LemmingBattleUITests */,
				1EC5A5D0282068A9000C0064 /* Products */,
			);
			sourceTree = "<group>";
		};
		1EC5A5D0282068A9000C0064 /* Products */ = {
			isa = PBXGroup;
			children = (
				1EC5A5CF282068A9000C0064 /* LemmingBattle.app */,
				1EC5A5E5282068AA000C0064 /* LemmingBattleTests.xctest */,
				1EC5A5EF282068AA000C0064 /* LemmingBattleUITests.xctest */,
			);
			name = Products;
			sourceTree = "<group>";
		};
		1EC5A5D1282068A9000C0064 /* LemmingBattle */ = {
			isa = PBXGroup;
			children = (
				1E29A4D628230A0200D99034 /* Helpers */,
				1EC5A60428206E38000C0064 /* Scene */,
				1EC5A60328206E1C000C0064 /* LaunchScreen */,
				1EC5A60228206DC7000C0064 /* Common */,
				1EC5A5E0282068AA000C0064 /* Info.plist */,
			);
			path = LemmingBattle;
			sourceTree = "<group>";
		};
		1EC5A5E8282068AA000C0064 /* LemmingBattleTests */ = {
			isa = PBXGroup;
			children = (
				1EC5A5E9282068AA000C0064 /* LemmingBattleTests.swift */,
			);
			path = LemmingBattleTests;
			sourceTree = "<group>";
		};
		1EC5A5F2282068AA000C0064 /* LemmingBattleUITests */ = {
			isa = PBXGroup;
			children = (
				1EC5A5F3282068AA000C0064 /* LemmingBattleUITests.swift */,
				1EC5A5F5282068AA000C0064 /* LemmingBattleUITestsLaunchTests.swift */,
			);
			path = LemmingBattleUITests;
			sourceTree = "<group>";
		};
		1EC5A60228206DC7000C0064 /* Common */ = {
			isa = PBXGroup;
			children = (
				1EC5A5D2282068A9000C0064 /* AppDelegate.swift */,
				1EC5A5D4282068A9000C0064 /* SceneDelegate.swift */,
				1EC5A5DB282068AA000C0064 /* Assets.xcassets */,
			);
			path = Common;
			sourceTree = "<group>";
		};
		1EC5A60328206E1C000C0064 /* LaunchScreen */ = {
			isa = PBXGroup;
			children = (
				1EC5A5DD282068AA000C0064 /* LaunchScreen.storyboard */,
			);
			path = LaunchScreen;
			sourceTree = "<group>";
		};
		1EC5A60428206E38000C0064 /* Scene */ = {
			isa = PBXGroup;
			children = (
				1EC5A61028207002000C0064 /* View */,
				1EC5A6112820700C000C0064 /* ViewModal */,
				1EC5A60B28206FD1000C0064 /* Modal */,
			);
			path = Scene;
			sourceTree = "<group>";
		};
		1EC5A60B28206FD1000C0064 /* Modal */ = {
			isa = PBXGroup;
			children = (
				1EC5A6122820763D000C0064 /* BattleInfo.swift */,
				1EC5A61B2820A290000C0064 /* Battlefield.swift */,
				1EC5A61D2820A2AB000C0064 /* ResultOfBattle.swift */,
			);
			path = Modal;
			sourceTree = "<group>";
		};
		1EC5A61028207002000C0064 /* View */ = {
			isa = PBXGroup;
			children = (
				1EC5A6142820774D000C0064 /* MainViewController.swift */,
			);
			path = View;
			sourceTree = "<group>";
		};
		1EC5A6112820700C000C0064 /* ViewModal */ = {
			isa = PBXGroup;
			children = (
				1EC5A61628207C4B000C0064 /* MainViewModel.swift */,
			);
			path = ViewModal;
			sourceTree = "<group>";
		};
/* End PBXGroup section */

/* Begin PBXNativeTarget section */
		1EC5A5CE282068A9000C0064 /* LemmingBattle */ = {
			isa = PBXNativeTarget;
			buildConfigurationList = 1EC5A5F9282068AA000C0064 /* Build configuration list for PBXNativeTarget "LemmingBattle" */;
			buildPhases = (
				1EC5A5CB282068A9000C0064 /* Sources */,
				1EC5A5CC282068A9000C0064 /* Frameworks */,
				1EC5A5CD282068A9000C0064 /* Resources */,
			);
			buildRules = (
			);
			dependencies = (
			);
			name = LemmingBattle;
			packageProductDependencies = (
				1EC5A61928208012000C0064 /* SnapKit */,
				1E29A4DB282314CE00D99034 /* TPKeyboardAvoiding */,
			);
			productName = LemmingBattle;
			productReference = 1EC5A5CF282068A9000C0064 /* LemmingBattle.app */;
			productType = "com.apple.product-type.application";
		};
		1EC5A5E4282068AA000C0064 /* LemmingBattleTests */ = {
			isa = PBXNativeTarget;
			buildConfigurationList = 1EC5A5FC282068AA000C0064 /* Build configuration list for PBXNativeTarget "LemmingBattleTests" */;
			buildPhases = (
				1EC5A5E1282068AA000C0064 /* Sources */,
				1EC5A5E2282068AA000C0064 /* Frameworks */,
				1EC5A5E3282068AA000C0064 /* Resources */,
			);
			buildRules = (
			);
			dependencies = (
				1EC5A5E7282068AA000C0064 /* PBXTargetDependency */,
			);
			name = LemmingBattleTests;
			productName = LemmingBattleTests;
			productReference = 1EC5A5E5282068AA000C0064 /* LemmingBattleTests.xctest */;
			productType = "com.apple.product-type.bundle.unit-test";
		};
		1EC5A5EE282068AA000C0064 /* LemmingBattleUITests */ = {
			isa = PBXNativeTarget;
			buildConfigurationList = 1EC5A5FF282068AA000C0064 /* Build configuration list for PBXNativeTarget "LemmingBattleUITests" */;
			buildPhases = (
				1EC5A5EB282068AA000C0064 /* Sources */,
				1EC5A5EC282068AA000C0064 /* Frameworks */,
				1EC5A5ED282068AA000C0064 /* Resources */,
			);
			buildRules = (
			);
			dependencies = (
				1EC5A5F1282068AA000C0064 /* PBXTargetDependency */,
			);
			name = LemmingBattleUITests;
			productName = LemmingBattleUITests;
			productReference = 1EC5A5EF282068AA000C0064 /* LemmingBattleUITests.xctest */;
			productType = "com.apple.product-type.bundle.ui-testing";
		};
/* End PBXNativeTarget section */

/* Begin PBXProject section */
		1EC5A5C7282068A9000C0064 /* Project object */ = {
			isa = PBXProject;
			attributes = {
				BuildIndependentTargetsInParallel = 1;
				LastSwiftUpdateCheck = 1330;
				LastUpgradeCheck = 1330;
				TargetAttributes = {
					1EC5A5CE282068A9000C0064 = {
						CreatedOnToolsVersion = 13.3.1;
					};
					1EC5A5E4282068AA000C0064 = {
						CreatedOnToolsVersion = 13.3.1;
						TestTargetID = 1EC5A5CE282068A9000C0064;
					};
					1EC5A5EE282068AA000C0064 = {
						CreatedOnToolsVersion = 13.3.1;
						TestTargetID = 1EC5A5CE282068A9000C0064;
					};
				};
			};
			buildConfigurationList = 1EC5A5CA282068A9000C0064 /* Build configuration list for PBXProject "LemmingBattle" */;
			compatibilityVersion = "Xcode 13.0";
			developmentRegion = en;
			hasScannedForEncodings = 0;
			knownRegions = (
				en,
				Base,
			);
			mainGroup = 1EC5A5C6282068A9000C0064;
			packageReferences = (
				1EC5A61828208012000C0064 /* XCRemoteSwiftPackageReference "SnapKit" */,
				1E29A4DA282314CE00D99034 /* XCRemoteSwiftPackageReference "TPKeyboardAvoiding" */,
			);
			productRefGroup = 1EC5A5D0282068A9000C0064 /* Products */;
			projectDirPath = "";
			projectRoot = "";
			targets = (
				1EC5A5CE282068A9000C0064 /* LemmingBattle */,
				1EC5A5E4282068AA000C0064 /* LemmingBattleTests */,
				1EC5A5EE282068AA000C0064 /* LemmingBattleUITests */,
			);
		};
/* End PBXProject section */

/* Begin PBXResourcesBuildPhase section */
		1EC5A5CD282068A9000C0064 /* Resources */ = {
			isa = PBXResourcesBuildPhase;
			buildActionMask = 2147483647;
			files = (
				1EC5A5DF282068AA000C0064 /* LaunchScreen.storyboard in Resources */,
				1EC5A5DC282068AA000C0064 /* Assets.xcassets in Resources */,
			);
			runOnlyForDeploymentPostprocessing = 0;
		};
		1EC5A5E3282068AA000C0064 /* Resources */ = {
			isa = PBXResourcesBuildPhase;
			buildActionMask = 2147483647;
			files = (
			);
			runOnlyForDeploymentPostprocessing = 0;
		};
		1EC5A5ED282068AA000C0064 /* Resources */ = {
			isa = PBXResourcesBuildPhase;
			buildActionMask = 2147483647;
			files = (
			);
			runOnlyForDeploymentPostprocessing = 0;
		};
/* End PBXResourcesBuildPhase section */

/* Begin PBXSourcesBuildPhase section */
		1EC5A5CB282068A9000C0064 /* Sources */ = {
			isa = PBXSourcesBuildPhase;
			buildActionMask = 2147483647;
			files = (
				1EC5A61728207C4B000C0064 /* MainViewModel.swift in Sources */,
				1EC5A6132820763D000C0064 /* BattleInfo.swift in Sources */,
				1E29A4D928230A1D00D99034 /* Alerts.swift in Sources */,
				1EC5A5D3282068A9000C0064 /* AppDelegate.swift in Sources */,
				1EC5A5D5282068A9000C0064 /* SceneDelegate.swift in Sources */,
				1EC5A61C2820A290000C0064 /* Battlefield.swift in Sources */,
				1EC5A6152820774D000C0064 /* MainViewController.swift in Sources */,
				1EC5A61E2820A2AB000C0064 /* ResultOfBattle.swift in Sources */,
			);
			runOnlyForDeploymentPostprocessing = 0;
		};
		1EC5A5E1282068AA000C0064 /* Sources */ = {
			isa = PBXSourcesBuildPhase;
			buildActionMask = 2147483647;
			files = (
				1EC5A5EA282068AA000C0064 /* LemmingBattleTests.swift in Sources */,
			);
			runOnlyForDeploymentPostprocessing = 0;
		};
		1EC5A5EB282068AA000C0064 /* Sources */ = {
			isa = PBXSourcesBuildPhase;
			buildActionMask = 2147483647;
			files = (
				1EC5A5F6282068AA000C0064 /* LemmingBattleUITestsLaunchTests.swift in Sources */,
				1EC5A5F4282068AA000C0064 /* LemmingBattleUITests.swift in Sources */,
			);
			runOnlyForDeploymentPostprocessing = 0;
		};
/* End PBXSourcesBuildPhase section */

/* Begin PBXTargetDependency section */
		1EC5A5E7282068AA000C0064 /* PBXTargetDependency */ = {
			isa = PBXTargetDependency;
			target = 1EC5A5CE282068A9000C0064 /* LemmingBattle */;
			targetProxy = 1EC5A5E6282068AA000C0064 /* PBXContainerItemProxy */;
		};
		1EC5A5F1282068AA000C0064 /* PBXTargetDependency */ = {
			isa = PBXTargetDependency;
			target = 1EC5A5CE282068A9000C0064 /* LemmingBattle */;
			targetProxy = 1EC5A5F0282068AA000C0064 /* PBXContainerItemProxy */;
		};
/* End PBXTargetDependency section */

/* Begin PBXVariantGroup section */
		1EC5A5DD282068AA000C0064 /* LaunchScreen.storyboard */ = {
			isa = PBXVariantGroup;
			children = (
				1EC5A5DE282068AA000C0064 /* Base */,
			);
			name = LaunchScreen.storyboard;
			sourceTree = "<group>";
		};
/* End PBXVariantGroup section */

/* Begin XCBuildConfiguration section */
		1EC5A5F7282068AA000C0064 /* Debug */ = {
			isa = XCBuildConfiguration;
			buildSettings = {
				ALWAYS_SEARCH_USER_PATHS = NO;
				CLANG_ANALYZER_NONNULL = YES;
				CLANG_ANALYZER_NUMBER_OBJECT_CONVERSION = YES_AGGRESSIVE;
				CLANG_CXX_LANGUAGE_STANDARD = "gnu++17";
				CLANG_ENABLE_MODULES = YES;
				CLANG_ENABLE_OBJC_ARC = YES;
				CLANG_ENABLE_OBJC_WEAK = YES;
				CLANG_WARN_BLOCK_CAPTURE_AUTORELEASING = YES;
				CLANG_WARN_BOOL_CONVERSION = YES;
				CLANG_WARN_COMMA = YES;
				CLANG_WARN_CONSTANT_CONVERSION = YES;
				CLANG_WARN_DEPRECATED_OBJC_IMPLEMENTATIONS = YES;
				CLANG_WARN_DIRECT_OBJC_ISA_USAGE = YES_ERROR;
				CLANG_WARN_DOCUMENTATION_COMMENTS = YES;
				CLANG_WARN_EMPTY_BODY = YES;
				CLANG_WARN_ENUM_CONVERSION = YES;
				CLANG_WARN_INFINITE_RECURSION = YES;
				CLANG_WARN_INT_CONVERSION = YES;
				CLANG_WARN_NON_LITERAL_NULL_CONVERSION = YES;
				CLANG_WARN_OBJC_IMPLICIT_RETAIN_SELF = YES;
				CLANG_WARN_OBJC_LITERAL_CONVERSION = YES;
				CLANG_WARN_OBJC_ROOT_CLASS = YES_ERROR;
				CLANG_WARN_QUOTED_INCLUDE_IN_FRAMEWORK_HEADER = YES;
				CLANG_WARN_RANGE_LOOP_ANALYSIS = YES;
				CLANG_WARN_STRICT_PROTOTYPES = YES;
				CLANG_WARN_SUSPICIOUS_MOVE = YES;
				CLANG_WARN_UNGUARDED_AVAILABILITY = YES_AGGRESSIVE;
				CLANG_WARN_UNREACHABLE_CODE = YES;
				CLANG_WARN__DUPLICATE_METHOD_MATCH = YES;
				COPY_PHASE_STRIP = NO;
				DEBUG_INFORMATION_FORMAT = dwarf;
				ENABLE_STRICT_OBJC_MSGSEND = YES;
				ENABLE_TESTABILITY = YES;
				GCC_C_LANGUAGE_STANDARD = gnu11;
				GCC_DYNAMIC_NO_PIC = NO;
				GCC_NO_COMMON_BLOCKS = YES;
				GCC_OPTIMIZATION_LEVEL = 0;
				GCC_PREPROCESSOR_DEFINITIONS = (
					"DEBUG=1",
					"$(inherited)",
				);
				GCC_WARN_64_TO_32_BIT_CONVERSION = YES;
				GCC_WARN_ABOUT_RETURN_TYPE = YES_ERROR;
				GCC_WARN_UNDECLARED_SELECTOR = YES;
				GCC_WARN_UNINITIALIZED_AUTOS = YES_AGGRESSIVE;
				GCC_WARN_UNUSED_FUNCTION = YES;
				GCC_WARN_UNUSED_VARIABLE = YES;
				IPHONEOS_DEPLOYMENT_TARGET = 15.4;
				MTL_ENABLE_DEBUG_INFO = INCLUDE_SOURCE;
				MTL_FAST_MATH = YES;
				ONLY_ACTIVE_ARCH = YES;
				SDKROOT = iphoneos;
				SWIFT_ACTIVE_COMPILATION_CONDITIONS = DEBUG;
				SWIFT_OPTIMIZATION_LEVEL = "-Onone";
			};
			name = Debug;
		};
		1EC5A5F8282068AA000C0064 /* Release */ = {
			isa = XCBuildConfiguration;
			buildSettings = {
				ALWAYS_SEARCH_USER_PATHS = NO;
				CLANG_ANALYZER_NONNULL = YES;
				CLANG_ANALYZER_NUMBER_OBJECT_CONVERSION = YES_AGGRESSIVE;
				CLANG_CXX_LANGUAGE_STANDARD = "gnu++17";
				CLANG_ENABLE_MODULES = YES;
				CLANG_ENABLE_OBJC_ARC = YES;
				CLANG_ENABLE_OBJC_WEAK = YES;
				CLANG_WARN_BLOCK_CAPTURE_AUTORELEASING = YES;
				CLANG_WARN_BOOL_CONVERSION = YES;
				CLANG_WARN_COMMA = YES;
				CLANG_WARN_CONSTANT_CONVERSION = YES;
				CLANG_WARN_DEPRECATED_OBJC_IMPLEMENTATIONS = YES;
				CLANG_WARN_DIRECT_OBJC_ISA_USAGE = YES_ERROR;
				CLANG_WARN_DOCUMENTATION_COMMENTS = YES;
				CLANG_WARN_EMPTY_BODY = YES;
				CLANG_WARN_ENUM_CONVERSION = YES;
				CLANG_WARN_INFINITE_RECURSION = YES;
				CLANG_WARN_INT_CONVERSION = YES;
				CLANG_WARN_NON_LITERAL_NULL_CONVERSION = YES;
				CLANG_WARN_OBJC_IMPLICIT_RETAIN_SELF = YES;
				CLANG_WARN_OBJC_LITERAL_CONVERSION = YES;
				CLANG_WARN_OBJC_ROOT_CLASS = YES_ERROR;
				CLANG_WARN_QUOTED_INCLUDE_IN_FRAMEWORK_HEADER = YES;
				CLANG_WARN_RANGE_LOOP_ANALYSIS = YES;
				CLANG_WARN_STRICT_PROTOTYPES = YES;
				CLANG_WARN_SUSPICIOUS_MOVE = YES;
				CLANG_WARN_UNGUARDED_AVAILABILITY = YES_AGGRESSIVE;
				CLANG_WARN_UNREACHABLE_CODE = YES;
				CLANG_WARN__DUPLICATE_METHOD_MATCH = YES;
				COPY_PHASE_STRIP = NO;
				DEBUG_INFORMATION_FORMAT = "dwarf-with-dsym";
				ENABLE_NS_ASSERTIONS = NO;
				ENABLE_STRICT_OBJC_MSGSEND = YES;
				GCC_C_LANGUAGE_STANDARD = gnu11;
				GCC_NO_COMMON_BLOCKS = YES;
				GCC_WARN_64_TO_32_BIT_CONVERSION = YES;
				GCC_WARN_ABOUT_RETURN_TYPE = YES_ERROR;
				GCC_WARN_UNDECLARED_SELECTOR = YES;
				GCC_WARN_UNINITIALIZED_AUTOS = YES_AGGRESSIVE;
				GCC_WARN_UNUSED_FUNCTION = YES;
				GCC_WARN_UNUSED_VARIABLE = YES;
				IPHONEOS_DEPLOYMENT_TARGET = 15.4;
				MTL_ENABLE_DEBUG_INFO = NO;
				MTL_FAST_MATH = YES;
				SDKROOT = iphoneos;
				SWIFT_COMPILATION_MODE = wholemodule;
				SWIFT_OPTIMIZATION_LEVEL = "-O";
				VALIDATE_PRODUCT = YES;
			};
			name = Release;
		};
		1EC5A5FA282068AA000C0064 /* Debug */ = {
			isa = XCBuildConfiguration;
			buildSettings = {
				ASSETCATALOG_COMPILER_APPICON_NAME = AppIcon;
				ASSETCATALOG_COMPILER_GLOBAL_ACCENT_COLOR_NAME = AccentColor;
				CODE_SIGN_STYLE = Automatic;
				CURRENT_PROJECT_VERSION = 1;
				DEVELOPMENT_TEAM = 2DK6UP5TR4;
				GENERATE_INFOPLIST_FILE = YES;
				INFOPLIST_FILE = LemmingBattle/Info.plist;
				INFOPLIST_KEY_UIApplicationSupportsIndirectInputEvents = YES;
				INFOPLIST_KEY_UILaunchStoryboardName = LaunchScreen;
				INFOPLIST_KEY_UISupportedInterfaceOrientations_iPad = "UIInterfaceOrientationPortrait UIInterfaceOrientationPortraitUpsideDown UIInterfaceOrientationLandscapeLeft UIInterfaceOrientationLandscapeRight";
				INFOPLIST_KEY_UISupportedInterfaceOrientations_iPhone = "UIInterfaceOrientationPortrait UIInterfaceOrientationLandscapeLeft UIInterfaceOrientationLandscapeRight";
				LD_RUNPATH_SEARCH_PATHS = (
					"$(inherited)",
					"@executable_path/Frameworks",
				);
				MARKETING_VERSION = 1.0;
				PRODUCT_BUNDLE_IDENTIFIER = TSUStepan.LemmingBattle;
				PRODUCT_NAME = "$(TARGET_NAME)";
				SWIFT_EMIT_LOC_STRINGS = YES;
				SWIFT_VERSION = 5.0;
				TARGETED_DEVICE_FAMILY = "1,2";
			};
			name = Debug;
		};
		1EC5A5FB282068AA000C0064 /* Release */ = {
			isa = XCBuildConfiguration;
			buildSettings = {
				ASSETCATALOG_COMPILER_APPICON_NAME = AppIcon;
				ASSETCATALOG_COMPILER_GLOBAL_ACCENT_COLOR_NAME = AccentColor;
				CODE_SIGN_STYLE = Automatic;
				CURRENT_PROJECT_VERSION = 1;
				DEVELOPMENT_TEAM = 2DK6UP5TR4;
				GENERATE_INFOPLIST_FILE = YES;
				INFOPLIST_FILE = LemmingBattle/Info.plist;
				INFOPLIST_KEY_UIApplicationSupportsIndirectInputEvents = YES;
				INFOPLIST_KEY_UILaunchStoryboardName = LaunchScreen;
				INFOPLIST_KEY_UISupportedInterfaceOrientations_iPad = "UIInterfaceOrientationPortrait UIInterfaceOrientationPortraitUpsideDown UIInterfaceOrientationLandscapeLeft UIInterfaceOrientationLandscapeRight";
				INFOPLIST_KEY_UISupportedInterfaceOrientations_iPhone = "UIInterfaceOrientationPortrait UIInterfaceOrientationLandscapeLeft UIInterfaceOrientationLandscapeRight";
				LD_RUNPATH_SEARCH_PATHS = (
					"$(inherited)",
					"@executable_path/Frameworks",
				);
				MARKETING_VERSION = 1.0;
				PRODUCT_BUNDLE_IDENTIFIER = TSUStepan.LemmingBattle;
				PRODUCT_NAME = "$(TARGET_NAME)";
				SWIFT_EMIT_LOC_STRINGS = YES;
				SWIFT_VERSION = 5.0;
				TARGETED_DEVICE_FAMILY = "1,2";
			};
			name = Release;
		};
		1EC5A5FD282068AA000C0064 /* Debug */ = {
			isa = XCBuildConfiguration;
			buildSettings = {
				ALWAYS_EMBED_SWIFT_STANDARD_LIBRARIES = YES;
				BUNDLE_LOADER = "$(TEST_HOST)";
				CODE_SIGN_STYLE = Automatic;
				CURRENT_PROJECT_VERSION = 1;
				DEVELOPMENT_TEAM = 2DK6UP5TR4;
				GENERATE_INFOPLIST_FILE = YES;
				IPHONEOS_DEPLOYMENT_TARGET = 15.4;
				MARKETING_VERSION = 1.0;
				PRODUCT_BUNDLE_IDENTIFIER = TSUStepan.LemmingBattleTests;
				PRODUCT_NAME = "$(TARGET_NAME)";
				SWIFT_EMIT_LOC_STRINGS = NO;
				SWIFT_VERSION = 5.0;
				TARGETED_DEVICE_FAMILY = "1,2";
				TEST_HOST = "$(BUILT_PRODUCTS_DIR)/LemmingBattle.app/LemmingBattle";
			};
			name = Debug;
		};
		1EC5A5FE282068AA000C0064 /* Release */ = {
			isa = XCBuildConfiguration;
			buildSettings = {
				ALWAYS_EMBED_SWIFT_STANDARD_LIBRARIES = YES;
				BUNDLE_LOADER = "$(TEST_HOST)";
				CODE_SIGN_STYLE = Automatic;
				CURRENT_PROJECT_VERSION = 1;
				DEVELOPMENT_TEAM = 2DK6UP5TR4;
				GENERATE_INFOPLIST_FILE = YES;
				IPHONEOS_DEPLOYMENT_TARGET = 15.4;
				MARKETING_VERSION = 1.0;
				PRODUCT_BUNDLE_IDENTIFIER = TSUStepan.LemmingBattleTests;
				PRODUCT_NAME = "$(TARGET_NAME)";
				SWIFT_EMIT_LOC_STRINGS = NO;
				SWIFT_VERSION = 5.0;
				TARGETED_DEVICE_FAMILY = "1,2";
				TEST_HOST = "$(BUILT_PRODUCTS_DIR)/LemmingBattle.app/LemmingBattle";
			};
			name = Release;
		};
		1EC5A600282068AA000C0064 /* Debug */ = {
			isa = XCBuildConfiguration;
			buildSettings = {
				ALWAYS_EMBED_SWIFT_STANDARD_LIBRARIES = YES;
				CODE_SIGN_STYLE = Automatic;
				CURRENT_PROJECT_VERSION = 1;
				DEVELOPMENT_TEAM = 2DK6UP5TR4;
				GENERATE_INFOPLIST_FILE = YES;
				MARKETING_VERSION = 1.0;
				PRODUCT_BUNDLE_IDENTIFIER = TSUStepan.LemmingBattleUITests;
				PRODUCT_NAME = "$(TARGET_NAME)";
				SWIFT_EMIT_LOC_STRINGS = NO;
				SWIFT_VERSION = 5.0;
				TARGETED_DEVICE_FAMILY = "1,2";
				TEST_TARGET_NAME = LemmingBattle;
			};
			name = Debug;
		};
		1EC5A601282068AA000C0064 /* Release */ = {
			isa = XCBuildConfiguration;
			buildSettings = {
				ALWAYS_EMBED_SWIFT_STANDARD_LIBRARIES = YES;
				CODE_SIGN_STYLE = Automatic;
				CURRENT_PROJECT_VERSION = 1;
				DEVELOPMENT_TEAM = 2DK6UP5TR4;
				GENERATE_INFOPLIST_FILE = YES;
				MARKETING_VERSION = 1.0;
				PRODUCT_BUNDLE_IDENTIFIER = TSUStepan.LemmingBattleUITests;
				PRODUCT_NAME = "$(TARGET_NAME)";
				SWIFT_EMIT_LOC_STRINGS = NO;
				SWIFT_VERSION = 5.0;
				TARGETED_DEVICE_FAMILY = "1,2";
				TEST_TARGET_NAME = LemmingBattle;
			};
			name = Release;
		};
/* End XCBuildConfiguration section */

/* Begin XCConfigurationList section */
		1EC5A5CA282068A9000C0064 /* Build configuration list for PBXProject "LemmingBattle" */ = {
			isa = XCConfigurationList;
			buildConfigurations = (
				1EC5A5F7282068AA000C0064 /* Debug */,
				1EC5A5F8282068AA000C0064 /* Release */,
			);
			defaultConfigurationIsVisible = 0;
			defaultConfigurationName = Release;
		};
		1EC5A5F9282068AA000C0064 /* Build configuration list for PBXNativeTarget "LemmingBattle" */ = {
			isa = XCConfigurationList;
			buildConfigurations = (
				1EC5A5FA282068AA000C0064 /* Debug */,
				1EC5A5FB282068AA000C0064 /* Release */,
			);
			defaultConfigurationIsVisible = 0;
			defaultConfigurationName = Release;
		};
		1EC5A5FC282068AA000C0064 /* Build configuration list for PBXNativeTarget "LemmingBattleTests" */ = {
			isa = XCConfigurationList;
			buildConfigurations = (
				1EC5A5FD282068AA000C0064 /* Debug */,
				1EC5A5FE282068AA000C0064 /* Release */,
			);
			defaultConfigurationIsVisible = 0;
			defaultConfigurationName = Release;
		};
		1EC5A5FF282068AA000C0064 /* Build configuration list for PBXNativeTarget "LemmingBattleUITests" */ = {
			isa = XCConfigurationList;
			buildConfigurations = (
				1EC5A600282068AA000C0064 /* Debug */,
				1EC5A601282068AA000C0064 /* Release */,
			);
			defaultConfigurationIsVisible = 0;
			defaultConfigurationName = Release;
		};
/* End XCConfigurationList section */

/* Begin XCRemoteSwiftPackageReference section */
		1E29A4DA282314CE00D99034 /* XCRemoteSwiftPackageReference "TPKeyboardAvoiding" */ = {
			isa = XCRemoteSwiftPackageReference;
			repositoryURL = "https://github.com/michaeltyson/TPKeyboardAvoiding";
			requirement = {
				kind = upToNextMajorVersion;
				minimumVersion = 1.0.0;
			};
		};
		1EC5A61828208012000C0064 /* XCRemoteSwiftPackageReference "SnapKit" */ = {
			isa = XCRemoteSwiftPackageReference;
			repositoryURL = "https://github.com/SnapKit/SnapKit";
			requirement = {
				branch = develop;
				kind = branch;
			};
		};
/* End XCRemoteSwiftPackageReference section */

/* Begin XCSwiftPackageProductDependency section */
		1E29A4DB282314CE00D99034 /* TPKeyboardAvoiding */ = {
			isa = XCSwiftPackageProductDependency;
			package = 1E29A4DA282314CE00D99034 /* XCRemoteSwiftPackageReference "TPKeyboardAvoiding" */;
			productName = TPKeyboardAvoiding;
		};
		1EC5A61928208012000C0064 /* SnapKit */ = {
			isa = XCSwiftPackageProductDependency;
			package = 1EC5A61828208012000C0064 /* XCRemoteSwiftPackageReference "SnapKit" */;
			productName = SnapKit;
		};
/* End XCSwiftPackageProductDependency section */
	};
	rootObject = 1EC5A5C7282068A9000C0064 /* Project object */;
}
